
Microsoft Visual Studio Solution File, Format Version 12.00
# Visual Studio Version 17
VisualStudioVersion = 17.14.36616.10 d17.14
MinimumVisualStudioVersion = 10.0.40219.1
Project("{FAE04EC0-301F-11D3-BF4B-00C04F79EFBC}") = "Hot Lava Cheat", "Hot Lava Cheat.csproj", "{AF92A02F-60FA-4173-B214-AA469B216108}"
EndProject
Global
	GlobalSection(SolutionConfigurationPlatforms) = preSolution
		Debug|Any CPU = Debug|Any CPU
		Release|Any CPU = Release|Any CPU
	EndGlobalSection
	GlobalSection(ProjectConfigurationPlatforms) = postSolution
		{AF92A02F-60FA-4173-B214-AA469B216108}.Debug|Any CPU.ActiveCfg = Debug|Any CPU
		{AF92A02F-60FA-4173-B214-AA469B216108}.Debug|Any CPU.Build.0 = Debug|Any CPU
		{AF92A02F-60FA-4173-B214-AA469B216108}.Release|Any CPU.ActiveCfg = Release|Any CPU
		{AF92A02F-60FA-4173-B214-AA469B216108}.Release|Any CPU.Build.0 = Release|Any CPU
	EndGlobalSection
	GlobalSection(SolutionProperties) = preSolution
		HideSolutionNode = FALSE
	EndGlobalSection
	GlobalSection(ExtensibilityGlobals) = postSolution
		SolutionGuid = {DDA54CC9-113F-4017-8B2F-F93CCEA788C4}
	EndGlobalSection
EndGlobal
